// !$*UTF8*$!
{
	archiveVersion = 1;
	classes = {
	};
	objectVersion = 46;
	objects = {

/* Begin PBXBuildFile section */
		F0BAACAE1BAD06F9000F4F5A /* main.m in Sources */ = {isa = PBXBuildFile; fileRef = F0BAACAD1BAD06F9000F4F5A /* main.m */; };
		F0BAACB11BAD06F9000F4F5A /* AppDelegate.m in Sources */ = {isa = PBXBuildFile; fileRef = F0BAACB01BAD06F9000F4F5A /* AppDelegate.m */; };
		F0BAACB41BAD06F9000F4F5A /* ViewController.m in Sources */ = {isa = PBXBuildFile; fileRef = F0BAACB31BAD06F9000F4F5A /* ViewController.m */; };
		F0BAACB71BAD06F9000F4F5A /* Main.storyboard in Resources */ = {isa = PBXBuildFile; fileRef = F0BAACB51BAD06F9000F4F5A /* Main.storyboard */; };
		F0BAACB91BAD06F9000F4F5A /* Assets.xcassets in Resources */ = {isa = PBXBuildFile; fileRef = F0BAACB81BAD06F9000F4F5A /* Assets.xcassets */; };
		F0BAACBC1BAD06F9000F4F5A /* LaunchScreen.storyboard in Resources */ = {isa = PBXBuildFile; fileRef = F0BAACBA1BAD06F9000F4F5A /* LaunchScreen.storyboard */; };
		F0BAACC71BAD06F9000F4F5A /* Dare_DevilTests.m in Sources */ = {isa = PBXBuildFile; fileRef = F0BAACC61BAD06F9000F4F5A /* Dare_DevilTests.m */; };
		F0BAACD21BAD06F9000F4F5A /* Dare_DevilUITests.m in Sources */ = {isa = PBXBuildFile; fileRef = F0BAACD11BAD06F9000F4F5A /* Dare_DevilUITests.m */; };
/* End PBXBuildFile section */

/* Begin PBXContainerItemProxy section */
		F0BAACC31BAD06F9000F4F5A /* PBXContainerItemProxy */ = {
			isa = PBXContainerItemProxy;
			containerPortal = F0BAACA11BAD06F9000F4F5A /* Project object */;
			proxyType = 1;
			remoteGlobalIDString = F0BAACA81BAD06F9000F4F5A;
			remoteInfo = "Dare Devil";
		};
		F0BAACCE1BAD06F9000F4F5A /* PBXContainerItemProxy */ = {
			isa = PBXContainerItemProxy;
			containerPortal = F0BAACA11BAD06F9000F4F5A /* Project object */;
			proxyType = 1;
			remoteGlobalIDString = F0BAACA81BAD06F9000F4F5A;
			remoteInfo = "Dare Devil";
		};
/* End PBXContainerItemProxy section */

/* Begin PBXFileReference section */
		F0BAACA91BAD06F9000F4F5A /* Dare Devil.app */ = {isa = PBXFileReference; explicitFileType = wrapper.application; includeInIndex = 0; path = "Dare Devil.app"; sourceTree = BUILT_PRODUCTS_DIR; };
		F0BAACAD1BAD06F9000F4F5A /* main.m */ = {isa = PBXFileReference; lastKnownFileType = sourcecode.c.objc; path = main.m; sourceTree = "<group>"; };
		F0BAACAF1BAD06F9000F4F5A /* AppDelegate.h */ = {isa = PBXFileReference; lastKnownFileType = sourcecode.c.h; path = AppDelegate.h; sourceTree = "<group>"; };
		F0BAACB01BAD06F9000F4F5A /* AppDelegate.m */ = {isa = PBXFileReference; lastKnownFileType = sourcecode.c.objc; path = AppDelegate.m; sourceTree = "<group>"; };
		F0BAACB21BAD06F9000F4F5A /* ViewController.h */ = {isa = PBXFileReference; lastKnownFileType = sourcecode.c.h; path = ViewController.h; sourceTree = "<group>"; };
		F0BAACB31BAD06F9000F4F5A /* ViewController.m */ = {isa = PBXFileReference; lastKnownFileType = sourcecode.c.objc; path = ViewController.m; sourceTree = "<group>"; };
		F0BAACB61BAD06F9000F4F5A /* Base */ = {isa = PBXFileReference; lastKnownFileType = file.storyboard; name = Base; path = Base.lproj/Main.storyboard; sourceTree = "<group>"; };
		F0BAACB81BAD06F9000F4F5A /* Assets.xcassets */ = {isa = PBXFileReference; lastKnownFileType = folder.assetcatalog; path = Assets.xcassets; sourceTree = "<group>"; };
		F0BAACBB1BAD06F9000F4F5A /* Base */ = {isa = PBXFileReference; lastKnownFileType = file.storyboard; name = Base; path = Base.lproj/LaunchScreen.storyboard; sourceTree = "<group>"; };
		F0BAACBD1BAD06F9000F4F5A /* Info.plist */ = {isa = PBXFileReference; lastKnownFileType = text.plist.xml; path = Info.plist; sourceTree = "<group>"; };
		F0BAACC21BAD06F9000F4F5A /* Dare DevilTests.xctest */ = {isa = PBXFileReference; explicitFileType = wrapper.cfbundle; includeInIndex = 0; path = "Dare DevilTests.xctest"; sourceTree = BUILT_PRODUCTS_DIR; };
		F0BAACC61BAD06F9000F4F5A /* Dare_DevilTests.m */ = {isa = PBXFileReference; lastKnownFileType = sourcecode.c.objc; path = Dare_DevilTests.m; sourceTree = "<group>"; };
		F0BAACC81BAD06F9000F4F5A /* Info.plist */ = {isa = PBXFileReference; lastKnownFileType = text.plist.xml; path = Info.plist; sourceTree = "<group>"; };
		F0BAACCD1BAD06F9000F4F5A /* Dare DevilUITests.xctest */ = {isa = PBXFileReference; explicitFileType = wrapper.cfbundle; includeInIndex = 0; path = "Dare DevilUITests.xctest"; sourceTree = BUILT_PRODUCTS_DIR; };
		F0BAACD11BAD06F9000F4F5A /* Dare_DevilUITests.m */ = {isa = PBXFileReference; lastKnownFileType = sourcecode.c.objc; path = Dare_DevilUITests.m; sourceTree = "<group>"; };
		F0BAACD31BAD06F9000F4F5A /* Info.plist */ = {isa = PBXFileReference; lastKnownFileType = text.plist.xml; path = Info.plist; sourceTree = "<group>"; };
/* End PBXFileReference section */

/* Begin PBXFrameworksBuildPhase section */
		F0BAACA61BAD06F9000F4F5A /* Frameworks */ = {
			isa = PBXFrameworksBuildPhase;
			buildActionMask = 2147483647;
			files = (
			);
			runOnlyForDeploymentPostprocessing = 0;
		};
		F0BAACBF1BAD06F9000F4F5A /* Frameworks */ = {
			isa = PBXFrameworksBuildPhase;
			buildActionMask = 2147483647;
			files = (
			);
			runOnlyForDeploymentPostprocessing = 0;
		};
		F0BAACCA1BAD06F9000F4F5A /* Frameworks */ = {
			isa = PBXFrameworksBuildPhase;
			buildActionMask = 2147483647;
			files = (
			);
			runOnlyForDeploymentPostprocessing = 0;
		};
/* End PBXFrameworksBuildPhase section */

/* Begin PBXGroup section */
		F0BAACA01BAD06F9000F4F5A = {
			isa = PBXGroup;
			children = (
				F0BAACAB1BAD06F9000F4F5A /* Dare Devil */,
				F0BAACC51BAD06F9000F4F5A /* Dare DevilTests */,
				F0BAACD01BAD06F9000F4F5A /* Dare DevilUITests */,
				F0BAACAA1BAD06F9000F4F5A /* Products */,
			);
			sourceTree = "<group>";
		};
		F0BAACAA1BAD06F9000F4F5A /* Products */ = {
			isa = PBXGroup;
			children = (
				F0BAACA91BAD06F9000F4F5A /* Dare Devil.app */,
				F0BAACC21BAD06F9000F4F5A /* Dare DevilTests.xctest */,
				F0BAACCD1BAD06F9000F4F5A /* Dare DevilUITests.xctest */,
			);
			name = Products;
			sourceTree = "<group>";
		};
		F0BAACAB1BAD06F9000F4F5A /* Dare Devil */ = {
			isa = PBXGroup;
			children = (
				F0BAACAF1BAD06F9000F4F5A /* AppDelegate.h */,
				F0BAACB01BAD06F9000F4F5A /* AppDelegate.m */,
				F0BAACB21BAD06F9000F4F5A /* ViewController.h */,
				F0BAACB31BAD06F9000F4F5A /* ViewController.m */,
				F0BAACB51BAD06F9000F4F5A /* Main.storyboard */,
				F0BAACB81BAD06F9000F4F5A /* Assets.xcassets */,
				F0BAACBA1BAD06F9000F4F5A /* LaunchScreen.storyboard */,
				F0BAACBD1BAD06F9000F4F5A /* Info.plist */,
				F0BAACAC1BAD06F9000F4F5A /* Supporting Files */,
			);
			path = "Dare Devil";
			sourceTree = "<group>";
		};
		F0BAACAC1BAD06F9000F4F5A /* Supporting Files */ = {
			isa = PBXGroup;
			children = (
				F0BAACAD1BAD06F9000F4F5A /* main.m */,
			);
			name = "Supporting Files";
			sourceTree = "<group>";
		};
		F0BAACC51BAD06F9000F4F5A /* Dare DevilTests */ = {
			isa = PBXGroup;
			children = (
				F0BAACC61BAD06F9000F4F5A /* Dare_DevilTests.m */,
				F0BAACC81BAD06F9000F4F5A /* Info.plist */,
			);
			path = "Dare DevilTests";
			sourceTree = "<group>";
		};
		F0BAACD01BAD06F9000F4F5A /* Dare DevilUITests */ = {
			isa = PBXGroup;
			children = (
				F0BAACD11BAD06F9000F4F5A /* Dare_DevilUITests.m */,
				F0BAACD31BAD06F9000F4F5A /* Info.plist */,
			);
			path = "Dare DevilUITests";
			sourceTree = "<group>";
		};
/* End PBXGroup section */

/* Begin PBXNativeTarget section */
		F0BAACA81BAD06F9000F4F5A /* Dare Devil */ = {
			isa = PBXNativeTarget;
			buildConfigurationList = F0BAACD61BAD06F9000F4F5A /* Build configuration list for PBXNativeTarget "Dare Devil" */;
			buildPhases = (
				F0BAACA51BAD06F9000F4F5A /* Sources */,
				F0BAACA61BAD06F9000F4F5A /* Frameworks */,
				F0BAACA71BAD06F9000F4F5A /* Resources */,
			);
			buildRules = (
			);
			dependencies = (
			);
			name = "Dare Devil";
			productName = "Dare Devil";
			productReference = F0BAACA91BAD06F9000F4F5A /* Dare Devil.app */;
			productType = "com.apple.product-type.application";
		};
		F0BAACC11BAD06F9000F4F5A /* Dare DevilTests */ = {
			isa = PBXNativeTarget;
			buildConfigurationList = F0BAACD91BAD06F9000F4F5A /* Build configuration list for PBXNativeTarget "Dare DevilTests" */;
			buildPhases = (
				F0BAACBE1BAD06F9000F4F5A /* Sources */,
				F0BAACBF1BAD06F9000F4F5A /* Frameworks */,
				F0BAACC01BAD06F9000F4F5A /* Resources */,
			);
			buildRules = (
			);
			dependencies = (
				F0BAACC41BAD06F9000F4F5A /* PBXTargetDependency */,
			);
			name = "Dare DevilTests";
			productName = "Dare DevilTests";
			productReference = F0BAACC21BAD06F9000F4F5A /* Dare DevilTests.xctest */;
			productType = "com.apple.product-type.bundle.unit-test";
		};
		F0BAACCC1BAD06F9000F4F5A /* Dare DevilUITests */ = {
			isa = PBXNativeTarget;
			buildConfigurationList = F0BAACDC1BAD06F9000F4F5A /* Build configuration list for PBXNativeTarget "Dare DevilUITests" */;
			buildPhases = (
				F0BAACC91BAD06F9000F4F5A /* Sources */,
				F0BAACCA1BAD06F9000F4F5A /* Frameworks */,
				F0BAACCB1BAD06F9000F4F5A /* Resources */,
			);
			buildRules = (
			);
			dependencies = (
				F0BAACCF1BAD06F9000F4F5A /* PBXTargetDependency */,
			);
			name = "Dare DevilUITests";
			productName = "Dare DevilUITests";
			productReference = F0BAACCD1BAD06F9000F4F5A /* Dare DevilUITests.xctest */;
			productType = "com.apple.product-type.bundle.ui-testing";
		};
/* End PBXNativeTarget section */

/* Begin PBXProject section */
		F0BAACA11BAD06F9000F4F5A /* Project object */ = {
			isa = PBXProject;
			attributes = {
				LastUpgradeCheck = 0700;
				ORGANIZATIONNAME = Molson;
				TargetAttributes = {
					F0BAACA81BAD06F9000F4F5A = {
						CreatedOnToolsVersion = 7.0;
					};
					F0BAACC11BAD06F9000F4F5A = {
						CreatedOnToolsVersion = 7.0;
						TestTargetID = F0BAACA81BAD06F9000F4F5A;
					};
					F0BAACCC1BAD06F9000F4F5A = {
						CreatedOnToolsVersion = 7.0;
						TestTargetID = F0BAACA81BAD06F9000F4F5A;
					};
				};
			};
			buildConfigurationList = F0BAACA41BAD06F9000F4F5A /* Build configuration list for PBXProject "Dare Devil" */;
			compatibilityVersion = "Xcode 3.2";
			developmentRegion = English;
			hasScannedForEncodings = 0;
			knownRegions = (
				en,
				Base,
			);
			mainGroup = F0BAACA01BAD06F9000F4F5A;
			productRefGroup = F0BAACAA1BAD06F9000F4F5A /* Products */;
			projectDirPath = "";
			projectRoot = "";
			targets = (
				F0BAACA81BAD06F9000F4F5A /* Dare Devil */,
				F0BAACC11BAD06F9000F4F5A /* Dare DevilTests */,
				F0BAACCC1BAD06F9000F4F5A /* Dare DevilUITests */,
			);
		};
/* End PBXProject section */

/* Begin PBXResourcesBuildPhase section */
		F0BAACA71BAD06F9000F4F5A /* Resources */ = {
			isa = PBXResourcesBuildPhase;
			buildActionMask = 2147483647;
			files = (
				F0BAACBC1BAD06F9000F4F5A /* LaunchScreen.storyboard in Resources */,
				F0BAACB91BAD06F9000F4F5A /* Assets.xcassets in Resources */,
				F0BAACB71BAD06F9000F4F5A /* Main.storyboard in Resources */,
			);
			runOnlyForDeploymentPostprocessing = 0;
		};
		F0BAACC01BAD06F9000F4F5A /* Resources */ = {
			isa = PBXResourcesBuildPhase;
			buildActionMask = 2147483647;
			files = (
			);
			runOnlyForDeploymentPostprocessing = 0;
		};
		F0BAACCB1BAD06F9000F4F5A /* Resources */ = {
			isa = PBXResourcesBuildPhase;
			buildActionMask = 2147483647;
			files = (
			);
			runOnlyForDeploymentPostprocessing = 0;
		};
/* End PBXResourcesBuildPhase section */

/* Begin PBXSourcesBuildPhase section */
		F0BAACA51BAD06F9000F4F5A /* Sources */ = {
			isa = PBXSourcesBuildPhase;
			buildActionMask = 2147483647;
			files = (
				F0BAACB41BAD06F9000F4F5A /* ViewController.m in Sources */,
				F0BAACB11BAD06F9000F4F5A /* AppDelegate.m in Sources */,
				F0BAACAE1BAD06F9000F4F5A /* main.m in Sources */,
			);
			runOnlyForDeploymentPostprocessing = 0;
		};
		F0BAACBE1BAD06F9000F4F5A /* Sources */ = {
			isa = PBXSourcesBuildPhase;
			buildActionMask = 2147483647;
			files = (
				F0BAACC71BAD06F9000F4F5A /* Dare_DevilTests.m in Sources */,
			);
			runOnlyForDeploymentPostprocessing = 0;
		};
		F0BAACC91BAD06F9000F4F5A /* Sources */ = {
			isa = PBXSourcesBuildPhase;
			buildActionMask = 2147483647;
			files = (
				F0BAACD21BAD06F9000F4F5A /* Dare_DevilUITests.m in Sources */,
			);
			runOnlyForDeploymentPostprocessing = 0;
		};
/* End PBXSourcesBuildPhase section */

/* Begin PBXTargetDependency section */
		F0BAACC41BAD06F9000F4F5A /* PBXTargetDependency */ = {
			isa = PBXTargetDependency;
			target = F0BAACA81BAD06F9000F4F5A /* Dare Devil */;
			targetProxy = F0BAACC31BAD06F9000F4F5A /* PBXContainerItemProxy */;
		};
		F0BAACCF1BAD06F9000F4F5A /* PBXTargetDependency */ = {
			isa = PBXTargetDependency;
			target = F0BAACA81BAD06F9000F4F5A /* Dare Devil */;
			targetProxy = F0BAACCE1BAD06F9000F4F5A /* PBXContainerItemProxy */;
		};
/* End PBXTargetDependency section */

/* Begin PBXVariantGroup section */
		F0BAACB51BAD06F9000F4F5A /* Main.storyboard */ = {
			isa = PBXVariantGroup;
			children = (
				F0BAACB61BAD06F9000F4F5A /* Base */,
			);
			name = Main.storyboard;
			sourceTree = "<group>";
		};
		F0BAACBA1BAD06F9000F4F5A /* LaunchScreen.storyboard */ = {
			isa = PBXVariantGroup;
			children = (
				F0BAACBB1BAD06F9000F4F5A /* Base */,
			);
			name = LaunchScreen.storyboard;
			sourceTree = "<group>";
		};
/* End PBXVariantGroup section */

/* Begin XCBuildConfiguration section */
		F0BAACD41BAD06F9000F4F5A /* Debug */ = {
			isa = XCBuildConfiguration;
			buildSettings = {
				ALWAYS_SEARCH_USER_PATHS = NO;
				CLANG_CXX_LANGUAGE_STANDARD = "gnu++0x";
				CLANG_CXX_LIBRARY = "libc++";
				CLANG_ENABLE_MODULES = YES;
				CLANG_ENABLE_OBJC_ARC = YES;
				CLANG_WARN_BOOL_CONVERSION = YES;
				CLANG_WARN_CONSTANT_CONVERSION = YES;
				CLANG_WARN_DIRECT_OBJC_ISA_USAGE = YES_ERROR;
				CLANG_WARN_EMPTY_BODY = YES;
				CLANG_WARN_ENUM_CONVERSION = YES;
				CLANG_WARN_INT_CONVERSION = YES;
				CLANG_WARN_OBJC_ROOT_CLASS = YES_ERROR;
				CLANG_WARN_UNREACHABLE_CODE = YES;
				CLANG_WARN__DUPLICATE_METHOD_MATCH = YES;
				"CODE_SIGN_IDENTITY[sdk=iphoneos*]" = "iPhone Developer";
				COPY_PHASE_STRIP = NO;
				DEBUG_INFORMATION_FORMAT = dwarf;
				ENABLE_STRICT_OBJC_MSGSEND = YES;
				ENABLE_TESTABILITY = YES;
				GCC_C_LANGUAGE_STANDARD = gnu99;
				GCC_DYNAMIC_NO_PIC = NO;
				GCC_NO_COMMON_BLOCKS = YES;
				GCC_OPTIMIZATION_LEVEL = 0;
				GCC_PREPROCESSOR_DEFINITIONS = (
					"DEBUG=1",
					"$(inherited)",
				);
				GCC_WARN_64_TO_32_BIT_CONVERSION = YES;
				GCC_WARN_ABOUT_RETURN_TYPE = YES_ERROR;
				GCC_WARN_UNDECLARED_SELECTOR = YES;
				GCC_WARN_UNINITIALIZED_AUTOS = YES_AGGRESSIVE;
				GCC_WARN_UNUSED_FUNCTION = YES;
				GCC_WARN_UNUSED_VARIABLE = YES;
				IPHONEOS_DEPLOYMENT_TARGET = 9.0;
				MTL_ENABLE_DEBUG_INFO = YES;
				ONLY_ACTIVE_ARCH = YES;
				SDKROOT = iphoneos;
				TARGETED_DEVICE_FAMILY = "1,2";
			};
			name = Debug;
		};
		F0BAACD51BAD06F9000F4F5A /* Release */ = {
			isa = XCBuildConfiguration;
			buildSettings = {
				ALWAYS_SEARCH_USER_PATHS = NO;
				CLANG_CXX_LANGUAGE_STANDARD = "gnu++0x";
				CLANG_CXX_LIBRARY = "libc++";
				CLANG_ENABLE_MODULES = YES;
				CLANG_ENABLE_OBJC_ARC = YES;
				CLANG_WARN_BOOL_CONVERSION = YES;
				CLANG_WARN_CONSTANT_CONVERSION = YES;
				CLANG_WARN_DIRECT_OBJC_ISA_USAGE = YES_ERROR;
				CLANG_WARN_EMPTY_BODY = YES;
				CLANG_WARN_ENUM_CONVERSION = YES;
				CLANG_WARN_INT_CONVERSION = YES;
				CLANG_WARN_OBJC_ROOT_CLASS = YES_ERROR;
				CLANG_WARN_UNREACHABLE_CODE = YES;
				CLANG_WARN__DUPLICATE_METHOD_MATCH = YES;
				"CODE_SIGN_IDENTITY[sdk=iphoneos*]" = "iPhone Developer";
				COPY_PHASE_STRIP = NO;
				DEBUG_INFORMATION_FORMAT = "dwarf-with-dsym";
				ENABLE_NS_ASSERTIONS = NO;
				ENABLE_STRICT_OBJC_MSGSEND = YES;
				GCC_C_LANGUAGE_STANDARD = gnu99;
				GCC_NO_COMMON_BLOCKS = YES;
				GCC_WARN_64_TO_32_BIT_CONVERSION = YES;
				GCC_WARN_ABOUT_RETURN_TYPE = YES_ERROR;
				GCC_WARN_UNDECLARED_SELECTOR = YES;
				GCC_WARN_UNINITIALIZED_AUTOS = YES_AGGRESSIVE;
				GCC_WARN_UNUSED_FUNCTION = YES;
				GCC_WARN_UNUSED_VARIABLE = YES;
				IPHONEOS_DEPLOYMENT_TARGET = 9.0;
				MTL_ENABLE_DEBUG_INFO = NO;
				SDKROOT = iphoneos;
				TARGETED_DEVICE_FAMILY = "1,2";
				VALIDATE_PRODUCT = YES;
			};
			name = Release;
		};
		F0BAACD71BAD06F9000F4F5A /* Debug */ = {
			isa = XCBuildConfiguration;
			buildSettings = {
				ASSETCATALOG_COMPILER_APPICON_NAME = AppIcon;
				INFOPLIST_FILE = "Dare Devil/Info.plist";
				LD_RUNPATH_SEARCH_PATHS = "$(inherited) @executable_path/Frameworks";
				PRODUCT_BUNDLE_IDENTIFIER = "Molson.Dare-Devil";
				PRODUCT_NAME = "$(TARGET_NAME)";
			};
			name = Debug;
		};
		F0BAACD81BAD06F9000F4F5A /* Release */ = {
			isa = XCBuildConfiguration;
			buildSettings = {
				ASSETCATALOG_COMPILER_APPICON_NAME = AppIcon;
				INFOPLIST_FILE = "Dare Devil/Info.plist";
				LD_RUNPATH_SEARCH_PATHS = "$(inherited) @executable_path/Frameworks";
				PRODUCT_BUNDLE_IDENTIFIER = "Molson.Dare-Devil";
				PRODUCT_NAME = "$(TARGET_NAME)";
			};
			name = Release;
		};
		F0BAACDA1BAD06F9000F4F5A /* Debug */ = {
			isa = XCBuildConfiguration;
			buildSettings = {
				BUNDLE_LOADER = "$(TEST_HOST)";
				INFOPLIST_FILE = "Dare DevilTests/Info.plist";
				LD_RUNPATH_SEARCH_PATHS = "$(inherited) @executable_path/Frameworks @loader_path/Frameworks";
				PRODUCT_BUNDLE_IDENTIFIER = "Molson.Dare-DevilTests";
				PRODUCT_NAME = "$(TARGET_NAME)";
				TEST_HOST = "$(BUILT_PRODUCTS_DIR)/Dare Devil.app/Dare Devil";
			};
			name = Debug;
		};
		F0BAACDB1BAD06F9000F4F5A /* Release */ = {
			isa = XCBuildConfiguration;
			buildSettings = {
				BUNDLE_LOADER = "$(TEST_HOST)";
				INFOPLIST_FILE = "Dare DevilTests/Info.plist";
				LD_RUNPATH_SEARCH_PATHS = "$(inherited) @executable_path/Frameworks @loader_path/Frameworks";
				PRODUCT_BUNDLE_IDENTIFIER = "Molson.Dare-DevilTests";
				PRODUCT_NAME = "$(TARGET_NAME)";
				TEST_HOST = "$(BUILT_PRODUCTS_DIR)/Dare Devil.app/Dare Devil";
			};
			name = Release;
		};
		F0BAACDD1BAD06F9000F4F5A /* Debug */ = {
			isa = XCBuildConfiguration;
			buildSettings = {
				INFOPLIST_FILE = "Dare DevilUITests/Info.plist";
				LD_RUNPATH_SEARCH_PATHS = "$(inherited) @executable_path/Frameworks @loader_path/Frameworks";
				PRODUCT_BUNDLE_IDENTIFIER = "Molson.Dare-DevilUITests";
				PRODUCT_NAME = "$(TARGET_NAME)";
				TEST_TARGET_NAME = "Dare Devil";
				USES_XCTRUNNER = YES;
			};
			name = Debug;
		};
		F0BAACDE1BAD06F9000F4F5A /* Release */ = {
			isa = XCBuildConfiguration;
			buildSettings = {
				INFOPLIST_FILE = "Dare DevilUITests/Info.plist";
				LD_RUNPATH_SEARCH_PATHS = "$(inherited) @executable_path/Frameworks @loader_path/Frameworks";
				PRODUCT_BUNDLE_IDENTIFIER = "Molson.Dare-DevilUITests";
				PRODUCT_NAME = "$(TARGET_NAME)";
				TEST_TARGET_NAME = "Dare Devil";
				USES_XCTRUNNER = YES;
			};
			name = Release;
		};
/* End XCBuildConfiguration section */

/* Begin XCConfigurationList section */
		F0BAACA41BAD06F9000F4F5A /* Build configuration list for PBXProject "Dare Devil" */ = {
			isa = XCConfigurationList;
			buildConfigurations = (
				F0BAACD41BAD06F9000F4F5A /* Debug */,
				F0BAACD51BAD06F9000F4F5A /* Release */,
			);
			defaultConfigurationIsVisible = 0;
			defaultConfigurationName = Release;
		};
		F0BAACD61BAD06F9000F4F5A /* Build configuration list for PBXNativeTarget "Dare Devil" */ = {
			isa = XCConfigurationList;
			buildConfigurations = (
				F0BAACD71BAD06F9000F4F5A /* Debug */,
				F0BAACD81BAD06F9000F4F5A /* Release */,
			);
			defaultConfigurationIsVisible = 0;
		};
		F0BAACD91BAD06F9000F4F5A /* Build configuration list for PBXNativeTarget "Dare DevilTests" */ = {
			isa = XCConfigurationList;
			buildConfigurations = (
				F0BAACDA1BAD06F9000F4F5A /* Debug */,
				F0BAACDB1BAD06F9000F4F5A /* Release */,
			);
			defaultConfigurationIsVisible = 0;
		};
		F0BAACDC1BAD06F9000F4F5A /* Build configuration list for PBXNativeTarget "Dare DevilUITests" */ = {
			isa = XCConfigurationList;
			buildConfigurations = (
				F0BAACDD1BAD06F9000F4F5A /* Debug */,
				F0BAACDE1BAD06F9000F4F5A /* Release */,
			);
			defaultConfigurationIsVisible = 0;
		};
/* End XCConfigurationList section */
	};
	rootObject = F0BAACA11BAD06F9000F4F5A /* Project object */;
}
