// !$*UTF8*$!
{
	archiveVersion = 1;
	classes = {
	};
	objectVersion = 46;
	objects = {

/* Begin PBXBuildFile section */
		F00DD6E81C741E07009FB577 /* MOSingleSubmissionViewController.m in Sources */ = {isa = PBXBuildFile; fileRef = F00DD6E71C741E07009FB577 /* MOSingleSubmissionViewController.m */; };
		F01470241BDEAFE000F4074D /* MOCompletedDaresViewController.m in Sources */ = {isa = PBXBuildFile; fileRef = F01470231BDEAFE000F4074D /* MOCompletedDaresViewController.m */; };
		F015CA9D1C7C9814006D4B96 /* facebook.png in Resources */ = {isa = PBXBuildFile; fileRef = F015CA9C1C7C9814006D4B96 /* facebook.png */; };
		F015CA9F1C7C9C6D006D4B96 /* LoginBackground.jpg in Resources */ = {isa = PBXBuildFile; fileRef = F015CA9E1C7C9C6D006D4B96 /* LoginBackground.jpg */; };
		F02B3FB91C75134800E647D8 /* ProfileBackground.png in Resources */ = {isa = PBXBuildFile; fileRef = F02B3FB81C75134800E647D8 /* ProfileBackground.png */; };
		F02B3FBB1C75351A00E647D8 /* PlayButton.png in Resources */ = {isa = PBXBuildFile; fileRef = F02B3FBA1C75351A00E647D8 /* PlayButton.png */; };
		F04C5CAE1C2F1702007AE863 /* MBProgressHUD.m in Sources */ = {isa = PBXBuildFile; fileRef = F04C5CAD1C2F1702007AE863 /* MBProgressHUD.m */; };
		F052AE8C1C24C07800CF7061 /* MODareRecipientViewController.m in Sources */ = {isa = PBXBuildFile; fileRef = F052AE8B1C24C07800CF7061 /* MODareRecipientViewController.m */; };
		F05AAD1B1C2D1201009C5D28 /* Stripe.framework in Frameworks */ = {isa = PBXBuildFile; fileRef = F05AAD1A1C2D1201009C5D28 /* Stripe.framework */; };
		F0674A591C46A3770016CC3F /* Stripe.framework in Frameworks */ = {isa = PBXBuildFile; fileRef = F0674A581C46A3770016CC3F /* Stripe.framework */; };
		F0674A621C46A39D0016CC3F /* Bolts.framework in Frameworks */ = {isa = PBXBuildFile; fileRef = F0674A5A1C46A39D0016CC3F /* Bolts.framework */; };
		F0674A631C46A39D0016CC3F /* FBSDKCoreKit.framework in Frameworks */ = {isa = PBXBuildFile; fileRef = F0674A5B1C46A39D0016CC3F /* FBSDKCoreKit.framework */; };
		F0674A641C46A39D0016CC3F /* FBSDKLoginKit.framework in Frameworks */ = {isa = PBXBuildFile; fileRef = F0674A5C1C46A39D0016CC3F /* FBSDKLoginKit.framework */; };
		F0674A651C46A39D0016CC3F /* FBSDKShareKit.framework in Frameworks */ = {isa = PBXBuildFile; fileRef = F0674A5D1C46A39D0016CC3F /* FBSDKShareKit.framework */; };
		F0674A661C46A39D0016CC3F /* Parse.framework in Frameworks */ = {isa = PBXBuildFile; fileRef = F0674A5E1C46A39D0016CC3F /* Parse.framework */; };
		F0674A671C46A39D0016CC3F /* ParseCrashReporting.framework in Frameworks */ = {isa = PBXBuildFile; fileRef = F0674A5F1C46A39D0016CC3F /* ParseCrashReporting.framework */; };
		F0674A681C46A39D0016CC3F /* ParseFacebookUtilsV4.framework in Frameworks */ = {isa = PBXBuildFile; fileRef = F0674A601C46A39D0016CC3F /* ParseFacebookUtilsV4.framework */; };
		F0674A691C46A39D0016CC3F /* ParseUI.framework in Frameworks */ = {isa = PBXBuildFile; fileRef = F0674A611C46A39D0016CC3F /* ParseUI.framework */; };
		F0674A6C1C46AA470016CC3F /* MODareTargetViewController.m in Sources */ = {isa = PBXBuildFile; fileRef = F0674A6B1C46AA470016CC3F /* MODareTargetViewController.m */; };
		F076003F1BAE640A0052BFBB /* MOMainViewController.m in Sources */ = {isa = PBXBuildFile; fileRef = F076003E1BAE640A0052BFBB /* MOMainViewController.m */; };
		F07600421BAE6CEC0052BFBB /* MOPostViewController.m in Sources */ = {isa = PBXBuildFile; fileRef = F07600411BAE6CEC0052BFBB /* MOPostViewController.m */; };
		F084712E1C239A350068EEC5 /* MOActivityViewController.m in Sources */ = {isa = PBXBuildFile; fileRef = F084712D1C239A350068EEC5 /* MOActivityViewController.m */; };
		F0A19B671C7F715A00B9608B /* RedRight.png in Resources */ = {isa = PBXBuildFile; fileRef = F0A19B661C7F715A00B9608B /* RedRight.png */; };
		F0BAACAE1BAD06F9000F4F5A /* main.m in Sources */ = {isa = PBXBuildFile; fileRef = F0BAACAD1BAD06F9000F4F5A /* main.m */; };
		F0BAACB11BAD06F9000F4F5A /* AppDelegate.m in Sources */ = {isa = PBXBuildFile; fileRef = F0BAACB01BAD06F9000F4F5A /* AppDelegate.m */; };
		F0BAACB91BAD06F9000F4F5A /* Assets.xcassets in Resources */ = {isa = PBXBuildFile; fileRef = F0BAACB81BAD06F9000F4F5A /* Assets.xcassets */; };
		F0BAACED1BAD0C20000F4F5A /* Bolts.framework in Frameworks */ = {isa = PBXBuildFile; fileRef = F0BAACE61BAD0C20000F4F5A /* Bolts.framework */; };
		F0BAACEF1BAD0C20000F4F5A /* Parse.framework in Frameworks */ = {isa = PBXBuildFile; fileRef = F0BAACE71BAD0C20000F4F5A /* Parse.framework */; };
		F0BAACF01BAD0C20000F4F5A /* ParseCrashReporting.framework in Frameworks */ = {isa = PBXBuildFile; fileRef = F0BAACE81BAD0C20000F4F5A /* ParseCrashReporting.framework */; };
		F0BAACF21BAD0C20000F4F5A /* ParseFacebookUtilsV4.framework in Frameworks */ = {isa = PBXBuildFile; fileRef = F0BAACEA1BAD0C20000F4F5A /* ParseFacebookUtilsV4.framework */; };
		F0BAACF31BAD0C20000F4F5A /* ParseTwitterUtils.framework in Frameworks */ = {isa = PBXBuildFile; fileRef = F0BAACEB1BAD0C20000F4F5A /* ParseTwitterUtils.framework */; };
		F0BAACF41BAD0C20000F4F5A /* ParseUI.framework in Frameworks */ = {isa = PBXBuildFile; fileRef = F0BAACEC1BAD0C20000F4F5A /* ParseUI.framework */; };
		F0BAACF61BAD0C8A000F4F5A /* AudioToolbox.framework in Frameworks */ = {isa = PBXBuildFile; fileRef = F0BAACF51BAD0C8A000F4F5A /* AudioToolbox.framework */; };
		F0BAACF81BAD0C8F000F4F5A /* CFNetwork.framework in Frameworks */ = {isa = PBXBuildFile; fileRef = F0BAACF71BAD0C8F000F4F5A /* CFNetwork.framework */; };
		F0BAACFA1BAD0C98000F4F5A /* CoreGraphics.framework in Frameworks */ = {isa = PBXBuildFile; fileRef = F0BAACF91BAD0C98000F4F5A /* CoreGraphics.framework */; };
		F0BAACFC1BAD0C9E000F4F5A /* CoreLocation.framework in Frameworks */ = {isa = PBXBuildFile; fileRef = F0BAACFB1BAD0C9E000F4F5A /* CoreLocation.framework */; };
		F0BAACFE1BAD0CA5000F4F5A /* QuartzCore.framework in Frameworks */ = {isa = PBXBuildFile; fileRef = F0BAACFD1BAD0CA5000F4F5A /* QuartzCore.framework */; };
		F0BAAD001BAD0CAF000F4F5A /* Security.framework in Frameworks */ = {isa = PBXBuildFile; fileRef = F0BAACFF1BAD0CAF000F4F5A /* Security.framework */; };
		F0BAAD041BAD0CBE000F4F5A /* SystemConfiguration.framework in Frameworks */ = {isa = PBXBuildFile; fileRef = F0BAAD031BAD0CBE000F4F5A /* SystemConfiguration.framework */; };
		F0BAAD061BAD0D44000F4F5A /* libz.dylib in Frameworks */ = {isa = PBXBuildFile; fileRef = F0BAAD051BAD0D44000F4F5A /* libz.dylib */; };
		F0BAAD081BAD0D5B000F4F5A /* libsqlite3.dylib in Frameworks */ = {isa = PBXBuildFile; fileRef = F0BAAD071BAD0D5B000F4F5A /* libsqlite3.dylib */; };
		F0BAAD0A1BAD0D64000F4F5A /* Accounts.framework in Frameworks */ = {isa = PBXBuildFile; fileRef = F0BAAD091BAD0D64000F4F5A /* Accounts.framework */; };
		F0BAAD0C1BAD0D69000F4F5A /* Social.framework in Frameworks */ = {isa = PBXBuildFile; fileRef = F0BAAD0B1BAD0D69000F4F5A /* Social.framework */; };
		F0BAAD0F1BAD16B6000F4F5A /* MOLoginViewController.m in Sources */ = {isa = PBXBuildFile; fileRef = F0BAAD0E1BAD16B6000F4F5A /* MOLoginViewController.m */; };
		F0BAAD191BAD1E17000F4F5A /* FBSDKCoreKit.framework in Frameworks */ = {isa = PBXBuildFile; fileRef = F0BAAD161BAD1E17000F4F5A /* FBSDKCoreKit.framework */; };
		F0BAAD1A1BAD1E17000F4F5A /* FBSDKLoginKit.framework in Frameworks */ = {isa = PBXBuildFile; fileRef = F0BAAD171BAD1E17000F4F5A /* FBSDKLoginKit.framework */; };
		F0BAAD1B1BAD1E17000F4F5A /* FBSDKShareKit.framework in Frameworks */ = {isa = PBXBuildFile; fileRef = F0BAAD181BAD1E17000F4F5A /* FBSDKShareKit.framework */; };
		F0BBFBF01C04E9B600F7686D /* SWRevealViewController.m in Sources */ = {isa = PBXBuildFile; fileRef = F0BBFBEF1C04E9B600F7686D /* SWRevealViewController.m */; };
		F0BBFBF71C05056400F7686D /* SideViewController.m in Sources */ = {isa = PBXBuildFile; fileRef = F0BBFBF61C05056400F7686D /* SideViewController.m */; };
		F0C11A071C042F5600EEF2AC /* Default-568h@2x.png in Resources */ = {isa = PBXBuildFile; fileRef = F0C11A061C042F5600EEF2AC /* Default-568h@2x.png */; };
		F0C129451C2F5BFA00955E9D /* placeholder.jpg in Resources */ = {isa = PBXBuildFile; fileRef = F0C129441C2F5BFA00955E9D /* placeholder.jpg */; };
		F0CA08A71C30DC9E0090F66E /* menuicon.png in Resources */ = {isa = PBXBuildFile; fileRef = F0CA08A61C30DC9E0090F66E /* menuicon.png */; };
		F0CA08A91C30E4350090F66E /* rightArrow.png in Resources */ = {isa = PBXBuildFile; fileRef = F0CA08A81C30E4350090F66E /* rightArrow.png */; };
		F0ECDB851BD3530B005297B0 /* MobileCoreServices.framework in Frameworks */ = {isa = PBXBuildFile; fileRef = F0ECDB841BD3530B005297B0 /* MobileCoreServices.framework */; };
		F0FA415E1C2A005700AA0FCD /* MOSingleDareController.m in Sources */ = {isa = PBXBuildFile; fileRef = F0FA415D1C2A005700AA0FCD /* MOSingleDareController.m */; };
/* End PBXBuildFile section */

/* Begin PBXContainerItemProxy section */
		F0BAACC31BAD06F9000F4F5A /* PBXContainerItemProxy */ = {
			isa = PBXContainerItemProxy;
			containerPortal = F0BAACA11BAD06F9000F4F5A /* Project object */;
			proxyType = 1;
			remoteGlobalIDString = F0BAACA81BAD06F9000F4F5A;
			remoteInfo = "Dare Devil";
		};
		F0BAACCE1BAD06F9000F4F5A /* PBXContainerItemProxy */ = {
			isa = PBXContainerItemProxy;
			containerPortal = F0BAACA11BAD06F9000F4F5A /* Project object */;
			proxyType = 1;
			remoteGlobalIDString = F0BAACA81BAD06F9000F4F5A;
			remoteInfo = "Dare Devil";
		};
/* End PBXContainerItemProxy section */

/* Begin PBXFileReference section */
		F00DD6E61C741E07009FB577 /* MOSingleSubmissionViewController.h */ = {isa = PBXFileReference; fileEncoding = 4; lastKnownFileType = sourcecode.c.h; path = MOSingleSubmissionViewController.h; sourceTree = "<group>"; };
		F00DD6E71C741E07009FB577 /* MOSingleSubmissionViewController.m */ = {isa = PBXFileReference; fileEncoding = 4; lastKnownFileType = sourcecode.c.objc; path = MOSingleSubmissionViewController.m; sourceTree = "<group>"; };
		F01470221BDEAFE000F4074D /* MOCompletedDaresViewController.h */ = {isa = PBXFileReference; fileEncoding = 4; lastKnownFileType = sourcecode.c.h; path = MOCompletedDaresViewController.h; sourceTree = "<group>"; };
		F01470231BDEAFE000F4074D /* MOCompletedDaresViewController.m */ = {isa = PBXFileReference; fileEncoding = 4; lastKnownFileType = sourcecode.c.objc; path = MOCompletedDaresViewController.m; sourceTree = "<group>"; };
		F015CA9C1C7C9814006D4B96 /* facebook.png */ = {isa = PBXFileReference; lastKnownFileType = image.png; path = facebook.png; sourceTree = "<group>"; };
		F015CA9E1C7C9C6D006D4B96 /* LoginBackground.jpg */ = {isa = PBXFileReference; lastKnownFileType = image.jpeg; path = LoginBackground.jpg; sourceTree = "<group>"; };
		F02B3FB81C75134800E647D8 /* ProfileBackground.png */ = {isa = PBXFileReference; lastKnownFileType = image.png; path = ProfileBackground.png; sourceTree = "<group>"; };
		F02B3FBA1C75351A00E647D8 /* PlayButton.png */ = {isa = PBXFileReference; lastKnownFileType = image.png; path = PlayButton.png; sourceTree = "<group>"; };
		F04C5CAC1C2F1702007AE863 /* MBProgressHUD.h */ = {isa = PBXFileReference; fileEncoding = 4; lastKnownFileType = sourcecode.c.h; path = MBProgressHUD.h; sourceTree = "<group>"; };
		F04C5CAD1C2F1702007AE863 /* MBProgressHUD.m */ = {isa = PBXFileReference; fileEncoding = 4; lastKnownFileType = sourcecode.c.objc; path = MBProgressHUD.m; sourceTree = "<group>"; };
		F052AE8A1C24C07800CF7061 /* MODareRecipientViewController.h */ = {isa = PBXFileReference; fileEncoding = 4; lastKnownFileType = sourcecode.c.h; path = MODareRecipientViewController.h; sourceTree = "<group>"; };
		F052AE8B1C24C07800CF7061 /* MODareRecipientViewController.m */ = {isa = PBXFileReference; fileEncoding = 4; lastKnownFileType = sourcecode.c.objc; path = MODareRecipientViewController.m; sourceTree = "<group>"; };
		F05AAD1A1C2D1201009C5D28 /* Stripe.framework */ = {isa = PBXFileReference; lastKnownFileType = wrapper.framework; name = Stripe.framework; path = "/Users/Olson/Drive/Software/Dare Devil/Stripe.framework"; sourceTree = "<absolute>"; };
		F0674A581C46A3770016CC3F /* Stripe.framework */ = {isa = PBXFileReference; lastKnownFileType = wrapper.framework; name = Stripe.framework; path = Frameworks/Stripe.framework; sourceTree = "<group>"; };
		F0674A5A1C46A39D0016CC3F /* Bolts.framework */ = {isa = PBXFileReference; lastKnownFileType = wrapper.framework; name = Bolts.framework; path = Frameworks/Bolts.framework; sourceTree = "<group>"; };
		F0674A5B1C46A39D0016CC3F /* FBSDKCoreKit.framework */ = {isa = PBXFileReference; lastKnownFileType = wrapper.framework; name = FBSDKCoreKit.framework; path = Frameworks/FBSDKCoreKit.framework; sourceTree = "<group>"; };
		F0674A5C1C46A39D0016CC3F /* FBSDKLoginKit.framework */ = {isa = PBXFileReference; lastKnownFileType = wrapper.framework; name = FBSDKLoginKit.framework; path = Frameworks/FBSDKLoginKit.framework; sourceTree = "<group>"; };
		F0674A5D1C46A39D0016CC3F /* FBSDKShareKit.framework */ = {isa = PBXFileReference; lastKnownFileType = wrapper.framework; name = FBSDKShareKit.framework; path = Frameworks/FBSDKShareKit.framework; sourceTree = "<group>"; };
		F0674A5E1C46A39D0016CC3F /* Parse.framework */ = {isa = PBXFileReference; lastKnownFileType = wrapper.framework; name = Parse.framework; path = Frameworks/Parse.framework; sourceTree = "<group>"; };
		F0674A5F1C46A39D0016CC3F /* ParseCrashReporting.framework */ = {isa = PBXFileReference; lastKnownFileType = wrapper.framework; name = ParseCrashReporting.framework; path = Frameworks/ParseCrashReporting.framework; sourceTree = "<group>"; };
		F0674A601C46A39D0016CC3F /* ParseFacebookUtilsV4.framework */ = {isa = PBXFileReference; lastKnownFileType = wrapper.framework; name = ParseFacebookUtilsV4.framework; path = Frameworks/ParseFacebookUtilsV4.framework; sourceTree = "<group>"; };
		F0674A611C46A39D0016CC3F /* ParseUI.framework */ = {isa = PBXFileReference; lastKnownFileType = wrapper.framework; name = ParseUI.framework; path = Frameworks/ParseUI.framework; sourceTree = "<group>"; };
		F0674A6A1C46AA470016CC3F /* MODareTargetViewController.h */ = {isa = PBXFileReference; fileEncoding = 4; lastKnownFileType = sourcecode.c.h; path = MODareTargetViewController.h; sourceTree = "<group>"; };
		F0674A6B1C46AA470016CC3F /* MODareTargetViewController.m */ = {isa = PBXFileReference; fileEncoding = 4; lastKnownFileType = sourcecode.c.objc; path = MODareTargetViewController.m; sourceTree = "<group>"; };
		F076003B1BAE62E70052BFBB /* Dare DevilTests.xctest */ = {isa = PBXFileReference; explicitFileType = wrapper.cfbundle; includeInIndex = 0; path = "Dare DevilTests.xctest"; sourceTree = BUILT_PRODUCTS_DIR; };
		F076003C1BAE62E70052BFBB /* Dare DevilUITests.xctest */ = {isa = PBXFileReference; explicitFileType = wrapper.cfbundle; includeInIndex = 0; path = "Dare DevilUITests.xctest"; sourceTree = BUILT_PRODUCTS_DIR; };
		F076003D1BAE640A0052BFBB /* MOMainViewController.h */ = {isa = PBXFileReference; fileEncoding = 4; lastKnownFileType = sourcecode.c.h; path = MOMainViewController.h; sourceTree = "<group>"; };
		F076003E1BAE640A0052BFBB /* MOMainViewController.m */ = {isa = PBXFileReference; fileEncoding = 4; lastKnownFileType = sourcecode.c.objc; path = MOMainViewController.m; sourceTree = "<group>"; };
		F07600401BAE6CEC0052BFBB /* MOPostViewController.h */ = {isa = PBXFileReference; fileEncoding = 4; lastKnownFileType = sourcecode.c.h; path = MOPostViewController.h; sourceTree = "<group>"; };
		F07600411BAE6CEC0052BFBB /* MOPostViewController.m */ = {isa = PBXFileReference; fileEncoding = 4; lastKnownFileType = sourcecode.c.objc; path = MOPostViewController.m; sourceTree = "<group>"; };
		F084712C1C239A350068EEC5 /* MOActivityViewController.h */ = {isa = PBXFileReference; fileEncoding = 4; lastKnownFileType = sourcecode.c.h; path = MOActivityViewController.h; sourceTree = "<group>"; };
		F084712D1C239A350068EEC5 /* MOActivityViewController.m */ = {isa = PBXFileReference; fileEncoding = 4; lastKnownFileType = sourcecode.c.objc; path = MOActivityViewController.m; sourceTree = "<group>"; };
		F0A19B661C7F715A00B9608B /* RedRight.png */ = {isa = PBXFileReference; lastKnownFileType = image.png; path = RedRight.png; sourceTree = "<group>"; };
		F0BAACAD1BAD06F9000F4F5A /* main.m */ = {isa = PBXFileReference; lastKnownFileType = sourcecode.c.objc; path = main.m; sourceTree = "<group>"; };
		F0BAACAF1BAD06F9000F4F5A /* AppDelegate.h */ = {isa = PBXFileReference; lastKnownFileType = sourcecode.c.h; path = AppDelegate.h; sourceTree = "<group>"; };
		F0BAACB01BAD06F9000F4F5A /* AppDelegate.m */ = {isa = PBXFileReference; lastKnownFileType = sourcecode.c.objc; path = AppDelegate.m; sourceTree = "<group>"; };
		F0BAACB81BAD06F9000F4F5A /* Assets.xcassets */ = {isa = PBXFileReference; lastKnownFileType = folder.assetcatalog; name = Assets.xcassets; path = "Dare Devil/Assets.xcassets"; sourceTree = "<group>"; };
		F0BAACBD1BAD06F9000F4F5A /* Info.plist */ = {isa = PBXFileReference; lastKnownFileType = text.plist.xml; path = Info.plist; sourceTree = "<group>"; };
		F0BAACE61BAD0C20000F4F5A /* Bolts.framework */ = {isa = PBXFileReference; lastKnownFileType = wrapper.framework; name = Bolts.framework; path = "/Users/Olson/Drive/Software/Dare Devil/Bolts.framework"; sourceTree = "<absolute>"; };
		F0BAACE71BAD0C20000F4F5A /* Parse.framework */ = {isa = PBXFileReference; lastKnownFileType = wrapper.framework; name = Parse.framework; path = "/Users/Olson/Drive/Software/Dare Devil/Parse.framework"; sourceTree = "<absolute>"; };
		F0BAACE81BAD0C20000F4F5A /* ParseCrashReporting.framework */ = {isa = PBXFileReference; lastKnownFileType = wrapper.framework; name = ParseCrashReporting.framework; path = "/Users/Olson/Drive/Software/Dare Devil/ParseCrashReporting.framework"; sourceTree = "<absolute>"; };
		F0BAACEA1BAD0C20000F4F5A /* ParseFacebookUtilsV4.framework */ = {isa = PBXFileReference; lastKnownFileType = wrapper.framework; name = ParseFacebookUtilsV4.framework; path = "/Users/Olson/Drive/Software/Dare Devil/ParseFacebookUtilsV4.framework"; sourceTree = "<absolute>"; };
		F0BAACEB1BAD0C20000F4F5A /* ParseTwitterUtils.framework */ = {isa = PBXFileReference; lastKnownFileType = wrapper.framework; name = ParseTwitterUtils.framework; path = "/Users/Olson/Drive/Software/Dare Devil/ParseTwitterUtils.framework"; sourceTree = "<absolute>"; };
		F0BAACEC1BAD0C20000F4F5A /* ParseUI.framework */ = {isa = PBXFileReference; lastKnownFileType = wrapper.framework; name = ParseUI.framework; path = "/Users/Olson/Drive/Software/Dare Devil/ParseUI.framework"; sourceTree = "<absolute>"; };
		F0BAACEE1BAD0C20000F4F5A /* Dare Devil.app */ = {isa = PBXFileReference; explicitFileType = wrapper.application; includeInIndex = 0; path = "Dare Devil.app"; sourceTree = BUILT_PRODUCTS_DIR; };
		F0BAACF51BAD0C8A000F4F5A /* AudioToolbox.framework */ = {isa = PBXFileReference; lastKnownFileType = wrapper.framework; name = AudioToolbox.framework; path = System/Library/Frameworks/AudioToolbox.framework; sourceTree = SDKROOT; };
		F0BAACF71BAD0C8F000F4F5A /* CFNetwork.framework */ = {isa = PBXFileReference; lastKnownFileType = wrapper.framework; name = CFNetwork.framework; path = System/Library/Frameworks/CFNetwork.framework; sourceTree = SDKROOT; };
		F0BAACF91BAD0C98000F4F5A /* CoreGraphics.framework */ = {isa = PBXFileReference; lastKnownFileType = wrapper.framework; name = CoreGraphics.framework; path = System/Library/Frameworks/CoreGraphics.framework; sourceTree = SDKROOT; };
		F0BAACFB1BAD0C9E000F4F5A /* CoreLocation.framework */ = {isa = PBXFileReference; lastKnownFileType = wrapper.framework; name = CoreLocation.framework; path = System/Library/Frameworks/CoreLocation.framework; sourceTree = SDKROOT; };
		F0BAACFD1BAD0CA5000F4F5A /* QuartzCore.framework */ = {isa = PBXFileReference; lastKnownFileType = wrapper.framework; name = QuartzCore.framework; path = System/Library/Frameworks/QuartzCore.framework; sourceTree = SDKROOT; };
		F0BAACFF1BAD0CAF000F4F5A /* Security.framework */ = {isa = PBXFileReference; lastKnownFileType = wrapper.framework; name = Security.framework; path = System/Library/Frameworks/Security.framework; sourceTree = SDKROOT; };
		F0BAAD031BAD0CBE000F4F5A /* SystemConfiguration.framework */ = {isa = PBXFileReference; lastKnownFileType = wrapper.framework; name = SystemConfiguration.framework; path = System/Library/Frameworks/SystemConfiguration.framework; sourceTree = SDKROOT; };
		F0BAAD051BAD0D44000F4F5A /* libz.dylib */ = {isa = PBXFileReference; lastKnownFileType = "compiled.mach-o.dylib"; name = libz.dylib; path = "../../../Library/Developer/Xcode/iOS DeviceSupport/7.1.2 (11D257)/Symbols/usr/lib/libz.dylib"; sourceTree = "<group>"; };
		F0BAAD071BAD0D5B000F4F5A /* libsqlite3.dylib */ = {isa = PBXFileReference; lastKnownFileType = "compiled.mach-o.dylib"; name = libsqlite3.dylib; path = "../../../Library/Developer/Xcode/iOS DeviceSupport/7.1.2 (11D257)/Symbols/usr/lib/libsqlite3.dylib"; sourceTree = "<group>"; };
		F0BAAD091BAD0D64000F4F5A /* Accounts.framework */ = {isa = PBXFileReference; lastKnownFileType = wrapper.framework; name = Accounts.framework; path = System/Library/Frameworks/Accounts.framework; sourceTree = SDKROOT; };
		F0BAAD0B1BAD0D69000F4F5A /* Social.framework */ = {isa = PBXFileReference; lastKnownFileType = wrapper.framework; name = Social.framework; path = System/Library/Frameworks/Social.framework; sourceTree = SDKROOT; };
		F0BAAD0D1BAD16B6000F4F5A /* MOLoginViewController.h */ = {isa = PBXFileReference; fileEncoding = 4; lastKnownFileType = sourcecode.c.h; path = MOLoginViewController.h; sourceTree = "<group>"; };
		F0BAAD0E1BAD16B6000F4F5A /* MOLoginViewController.m */ = {isa = PBXFileReference; fileEncoding = 4; lastKnownFileType = sourcecode.c.objc; path = MOLoginViewController.m; sourceTree = "<group>"; };
		F0BAAD161BAD1E17000F4F5A /* FBSDKCoreKit.framework */ = {isa = PBXFileReference; lastKnownFileType = wrapper.framework; name = FBSDKCoreKit.framework; path = "/Users/Olson/Drive/Software/Dare Devil/FBSDKCoreKit.framework"; sourceTree = "<absolute>"; };
		F0BAAD171BAD1E17000F4F5A /* FBSDKLoginKit.framework */ = {isa = PBXFileReference; lastKnownFileType = wrapper.framework; name = FBSDKLoginKit.framework; path = "/Users/Olson/Drive/Software/Dare Devil/FBSDKLoginKit.framework"; sourceTree = "<absolute>"; };
		F0BAAD181BAD1E17000F4F5A /* FBSDKShareKit.framework */ = {isa = PBXFileReference; lastKnownFileType = wrapper.framework; name = FBSDKShareKit.framework; path = "/Users/Olson/Drive/Software/Dare Devil/FBSDKShareKit.framework"; sourceTree = "<absolute>"; };
		F0BBFBEE1C04E9B600F7686D /* SWRevealViewController.h */ = {isa = PBXFileReference; fileEncoding = 4; lastKnownFileType = sourcecode.c.h; path = SWRevealViewController.h; sourceTree = "<group>"; };
		F0BBFBEF1C04E9B600F7686D /* SWRevealViewController.m */ = {isa = PBXFileReference; fileEncoding = 4; lastKnownFileType = sourcecode.c.objc; path = SWRevealViewController.m; sourceTree = "<group>"; };
		F0BBFBF51C05056400F7686D /* SideViewController.h */ = {isa = PBXFileReference; fileEncoding = 4; lastKnownFileType = sourcecode.c.h; path = SideViewController.h; sourceTree = "<group>"; };
		F0BBFBF61C05056400F7686D /* SideViewController.m */ = {isa = PBXFileReference; fileEncoding = 4; lastKnownFileType = sourcecode.c.objc; path = SideViewController.m; sourceTree = "<group>"; };
		F0C11A061C042F5600EEF2AC /* Default-568h@2x.png */ = {isa = PBXFileReference; lastKnownFileType = image.png; path = "Default-568h@2x.png"; sourceTree = "<group>"; };
		F0C129441C2F5BFA00955E9D /* placeholder.jpg */ = {isa = PBXFileReference; lastKnownFileType = image.jpeg; path = placeholder.jpg; sourceTree = "<group>"; };
		F0CA08A61C30DC9E0090F66E /* menuicon.png */ = {isa = PBXFileReference; lastKnownFileType = image.png; name = menuicon.png; path = "Dare Devil/menuicon.png"; sourceTree = "<group>"; };
		F0CA08A81C30E4350090F66E /* rightArrow.png */ = {isa = PBXFileReference; lastKnownFileType = image.png; path = rightArrow.png; sourceTree = "<group>"; };
		F0ECDB841BD3530B005297B0 /* MobileCoreServices.framework */ = {isa = PBXFileReference; lastKnownFileType = wrapper.framework; name = MobileCoreServices.framework; path = System/Library/Frameworks/MobileCoreServices.framework; sourceTree = SDKROOT; };
		F0FA415C1C2A005700AA0FCD /* MOSingleDareController.h */ = {isa = PBXFileReference; fileEncoding = 4; lastKnownFileType = sourcecode.c.h; path = MOSingleDareController.h; sourceTree = "<group>"; };
		F0FA415D1C2A005700AA0FCD /* MOSingleDareController.m */ = {isa = PBXFileReference; fileEncoding = 4; lastKnownFileType = sourcecode.c.objc; path = MOSingleDareController.m; sourceTree = "<group>"; };
/* End PBXFileReference section */

/* Begin PBXFrameworksBuildPhase section */
		F0BAACA61BAD06F9000F4F5A /* Frameworks */ = {
			isa = PBXFrameworksBuildPhase;
			buildActionMask = 2147483647;
			files = (
				F0674A591C46A3770016CC3F /* Stripe.framework in Frameworks */,
				F0ECDB851BD3530B005297B0 /* MobileCoreServices.framework in Frameworks */,
				F0674A671C46A39D0016CC3F /* ParseCrashReporting.framework in Frameworks */,
				F0BAAD0C1BAD0D69000F4F5A /* Social.framework in Frameworks */,
				F0BAAD0A1BAD0D64000F4F5A /* Accounts.framework in Frameworks */,
				F0BAAD081BAD0D5B000F4F5A /* libsqlite3.dylib in Frameworks */,
				F0674A651C46A39D0016CC3F /* FBSDKShareKit.framework in Frameworks */,
				F0BAAD061BAD0D44000F4F5A /* libz.dylib in Frameworks */,
				F0BAAD041BAD0CBE000F4F5A /* SystemConfiguration.framework in Frameworks */,
				F0BAAD191BAD1E17000F4F5A /* FBSDKCoreKit.framework in Frameworks */,
				F0BAAD1B1BAD1E17000F4F5A /* FBSDKShareKit.framework in Frameworks */,
				F0674A661C46A39D0016CC3F /* Parse.framework in Frameworks */,
				F0BAAD001BAD0CAF000F4F5A /* Security.framework in Frameworks */,
				F05AAD1B1C2D1201009C5D28 /* Stripe.framework in Frameworks */,
				F0674A681C46A39D0016CC3F /* ParseFacebookUtilsV4.framework in Frameworks */,
				F0BAACFE1BAD0CA5000F4F5A /* QuartzCore.framework in Frameworks */,
				F0BAACFC1BAD0C9E000F4F5A /* CoreLocation.framework in Frameworks */,
				F0674A691C46A39D0016CC3F /* ParseUI.framework in Frameworks */,
				F0BAACFA1BAD0C98000F4F5A /* CoreGraphics.framework in Frameworks */,
				F0BAAD1A1BAD1E17000F4F5A /* FBSDKLoginKit.framework in Frameworks */,
				F0674A631C46A39D0016CC3F /* FBSDKCoreKit.framework in Frameworks */,
				F0674A621C46A39D0016CC3F /* Bolts.framework in Frameworks */,
				F0BAACF81BAD0C8F000F4F5A /* CFNetwork.framework in Frameworks */,
				F0BAACF61BAD0C8A000F4F5A /* AudioToolbox.framework in Frameworks */,
				F0BAACEF1BAD0C20000F4F5A /* Parse.framework in Frameworks */,
				F0674A641C46A39D0016CC3F /* FBSDKLoginKit.framework in Frameworks */,
				F0BAACF01BAD0C20000F4F5A /* ParseCrashReporting.framework in Frameworks */,
				F0BAACF41BAD0C20000F4F5A /* ParseUI.framework in Frameworks */,
				F0BAACED1BAD0C20000F4F5A /* Bolts.framework in Frameworks */,
				F0BAACF31BAD0C20000F4F5A /* ParseTwitterUtils.framework in Frameworks */,
				F0BAACF21BAD0C20000F4F5A /* ParseFacebookUtilsV4.framework in Frameworks */,
			);
			runOnlyForDeploymentPostprocessing = 0;
		};
		F0BAACBF1BAD06F9000F4F5A /* Frameworks */ = {
			isa = PBXFrameworksBuildPhase;
			buildActionMask = 2147483647;
			files = (
			);
			runOnlyForDeploymentPostprocessing = 0;
		};
		F0BAACCA1BAD06F9000F4F5A /* Frameworks */ = {
			isa = PBXFrameworksBuildPhase;
			buildActionMask = 2147483647;
			files = (
			);
			runOnlyForDeploymentPostprocessing = 0;
		};
/* End PBXFrameworksBuildPhase section */

/* Begin PBXGroup section */
		F01470281BDEBECE00F4074D /* User  */ = {
			isa = PBXGroup;
			children = (
				F0BAAD0D1BAD16B6000F4F5A /* MOLoginViewController.h */,
				F0BAAD0E1BAD16B6000F4F5A /* MOLoginViewController.m */,
			);
			name = "User ";
			sourceTree = "<group>";
		};
		F014702A1BDEBF1200F4074D /* Tabs */ = {
			isa = PBXGroup;
			children = (
				F01470221BDEAFE000F4074D /* MOCompletedDaresViewController.h */,
				F01470231BDEAFE000F4074D /* MOCompletedDaresViewController.m */,
				F076003D1BAE640A0052BFBB /* MOMainViewController.h */,
				F076003E1BAE640A0052BFBB /* MOMainViewController.m */,
				F084712C1C239A350068EEC5 /* MOActivityViewController.h */,
				F084712D1C239A350068EEC5 /* MOActivityViewController.m */,
			);
			name = Tabs;
			sourceTree = "<group>";
		};
		F014702B1BDEC11D00F4074D /* Post */ = {
			isa = PBXGroup;
			children = (
				F07600401BAE6CEC0052BFBB /* MOPostViewController.h */,
				F07600411BAE6CEC0052BFBB /* MOPostViewController.m */,
			);
			name = Post;
			sourceTree = "<group>";
		};
		F04C5CAB1C2F16E6007AE863 /* MBProgressHUD */ = {
			isa = PBXGroup;
			children = (
				F04C5CAC1C2F1702007AE863 /* MBProgressHUD.h */,
				F04C5CAD1C2F1702007AE863 /* MBProgressHUD.m */,
			);
			name = MBProgressHUD;
			sourceTree = "<group>";
		};
		F06556271C211ED7000DDB42 /* Other */ = {
			isa = PBXGroup;
			children = (
				F04C5CAB1C2F16E6007AE863 /* MBProgressHUD */,
				F052AE8A1C24C07800CF7061 /* MODareRecipientViewController.h */,
				F052AE8B1C24C07800CF7061 /* MODareRecipientViewController.m */,
				F0FA415C1C2A005700AA0FCD /* MOSingleDareController.h */,
				F0FA415D1C2A005700AA0FCD /* MOSingleDareController.m */,
				F0674A6A1C46AA470016CC3F /* MODareTargetViewController.h */,
				F0674A6B1C46AA470016CC3F /* MODareTargetViewController.m */,
				F00DD6E61C741E07009FB577 /* MOSingleSubmissionViewController.h */,
				F00DD6E71C741E07009FB577 /* MOSingleSubmissionViewController.m */,
			);
			name = Other;
			sourceTree = "<group>";
		};
		F0BAACA01BAD06F9000F4F5A = {
			isa = PBXGroup;
			children = (
				F0BAACAB1BAD06F9000F4F5A /* Dare Devil */,
				F0BAACE41BAD0B96000F4F5A /* Images */,
				F0BAACE51BAD0B9D000F4F5A /* Frameworks */,
				F0BAACEE1BAD0C20000F4F5A /* Dare Devil.app */,
				F076003B1BAE62E70052BFBB /* Dare DevilTests.xctest */,
				F076003C1BAE62E70052BFBB /* Dare DevilUITests.xctest */,
			);
			sourceTree = "<group>";
		};
		F0BAACAB1BAD06F9000F4F5A /* Dare Devil */ = {
			isa = PBXGroup;
			children = (
				F06556271C211ED7000DDB42 /* Other */,
				F0BBFBED1C04E97300F7686D /* Side View */,
				F014702B1BDEC11D00F4074D /* Post */,
				F014702A1BDEBF1200F4074D /* Tabs */,
				F01470281BDEBECE00F4074D /* User  */,
				F0BAACAF1BAD06F9000F4F5A /* AppDelegate.h */,
				F0BAACB01BAD06F9000F4F5A /* AppDelegate.m */,
				F0BAACAD1BAD06F9000F4F5A /* main.m */,
				F0BAACBD1BAD06F9000F4F5A /* Info.plist */,
			);
			path = "Dare Devil";
			sourceTree = "<group>";
		};
		F0BAACE41BAD0B96000F4F5A /* Images */ = {
			isa = PBXGroup;
			children = (
				F0A19B661C7F715A00B9608B /* RedRight.png */,
				F02B3FB81C75134800E647D8 /* ProfileBackground.png */,
				F0CA08A61C30DC9E0090F66E /* menuicon.png */,
				F0CA08A81C30E4350090F66E /* rightArrow.png */,
				F02B3FBA1C75351A00E647D8 /* PlayButton.png */,
				F0C129441C2F5BFA00955E9D /* placeholder.jpg */,
				F015CA9C1C7C9814006D4B96 /* facebook.png */,
				F015CA9E1C7C9C6D006D4B96 /* LoginBackground.jpg */,
				F0BAACB81BAD06F9000F4F5A /* Assets.xcassets */,
				F0C11A061C042F5600EEF2AC /* Default-568h@2x.png */,
			);
			name = Images;
			sourceTree = "<group>";
		};
		F0BAACE51BAD0B9D000F4F5A /* Frameworks */ = {
			isa = PBXGroup;
			children = (
				F0674A5A1C46A39D0016CC3F /* Bolts.framework */,
				F0674A5B1C46A39D0016CC3F /* FBSDKCoreKit.framework */,
				F0674A5C1C46A39D0016CC3F /* FBSDKLoginKit.framework */,
				F0674A5D1C46A39D0016CC3F /* FBSDKShareKit.framework */,
				F0674A5E1C46A39D0016CC3F /* Parse.framework */,
				F0674A5F1C46A39D0016CC3F /* ParseCrashReporting.framework */,
				F0674A601C46A39D0016CC3F /* ParseFacebookUtilsV4.framework */,
				F0674A611C46A39D0016CC3F /* ParseUI.framework */,
				F0674A581C46A3770016CC3F /* Stripe.framework */,
				F0ECDB841BD3530B005297B0 /* MobileCoreServices.framework */,
				F0BAAD0B1BAD0D69000F4F5A /* Social.framework */,
				F0BAAD091BAD0D64000F4F5A /* Accounts.framework */,
				F0BAAD071BAD0D5B000F4F5A /* libsqlite3.dylib */,
				F0BAAD051BAD0D44000F4F5A /* libz.dylib */,
				F0BAAD031BAD0CBE000F4F5A /* SystemConfiguration.framework */,
				F0BAACFF1BAD0CAF000F4F5A /* Security.framework */,
				F0BAACFD1BAD0CA5000F4F5A /* QuartzCore.framework */,
				F0BAACFB1BAD0C9E000F4F5A /* CoreLocation.framework */,
				F0BAACF91BAD0C98000F4F5A /* CoreGraphics.framework */,
				F0BAACF71BAD0C8F000F4F5A /* CFNetwork.framework */,
				F0BAACF51BAD0C8A000F4F5A /* AudioToolbox.framework */,
			);
			name = Frameworks;
			sourceTree = "<group>";
		};
		F0BBFBED1C04E97300F7686D /* Side View */ = {
			isa = PBXGroup;
			children = (
				F0BBFBF11C04E9BA00F7686D /* SWRevealViewController */,
				F0BBFBF51C05056400F7686D /* SideViewController.h */,
				F0BBFBF61C05056400F7686D /* SideViewController.m */,
			);
			name = "Side View";
			sourceTree = "<group>";
		};
		F0BBFBF11C04E9BA00F7686D /* SWRevealViewController */ = {
			isa = PBXGroup;
			children = (
				F0BBFBEE1C04E9B600F7686D /* SWRevealViewController.h */,
				F0BBFBEF1C04E9B600F7686D /* SWRevealViewController.m */,
			);
			name = SWRevealViewController;
			sourceTree = "<group>";
		};
/* End PBXGroup section */

/* Begin PBXNativeTarget section */
		F0BAACA81BAD06F9000F4F5A /* Dare Devil */ = {
			isa = PBXNativeTarget;
			buildConfigurationList = F0BAACD61BAD06F9000F4F5A /* Build configuration list for PBXNativeTarget "Dare Devil" */;
			buildPhases = (
				F0BAACA51BAD06F9000F4F5A /* Sources */,
				F0BAACA61BAD06F9000F4F5A /* Frameworks */,
				F0BAACA71BAD06F9000F4F5A /* Resources */,
			);
			buildRules = (
			);
			dependencies = (
			);
			name = "Dare Devil";
			productName = "Dare Devil";
			productReference = F0BAACEE1BAD0C20000F4F5A /* Dare Devil.app */;
			productType = "com.apple.product-type.application";
		};
		F0BAACC11BAD06F9000F4F5A /* Dare DevilTests */ = {
			isa = PBXNativeTarget;
			buildConfigurationList = F0BAACD91BAD06F9000F4F5A /* Build configuration list for PBXNativeTarget "Dare DevilTests" */;
			buildPhases = (
				F0BAACBE1BAD06F9000F4F5A /* Sources */,
				F0BAACBF1BAD06F9000F4F5A /* Frameworks */,
				F0BAACC01BAD06F9000F4F5A /* Resources */,
			);
			buildRules = (
			);
			dependencies = (
				F0BAACC41BAD06F9000F4F5A /* PBXTargetDependency */,
			);
			name = "Dare DevilTests";
			productName = "Dare DevilTests";
			productReference = F076003B1BAE62E70052BFBB /* Dare DevilTests.xctest */;
			productType = "com.apple.product-type.bundle.unit-test";
		};
		F0BAACCC1BAD06F9000F4F5A /* Dare DevilUITests */ = {
			isa = PBXNativeTarget;
			buildConfigurationList = F0BAACDC1BAD06F9000F4F5A /* Build configuration list for PBXNativeTarget "Dare DevilUITests" */;
			buildPhases = (
				F0BAACC91BAD06F9000F4F5A /* Sources */,
				F0BAACCA1BAD06F9000F4F5A /* Frameworks */,
				F0BAACCB1BAD06F9000F4F5A /* Resources */,
			);
			buildRules = (
			);
			dependencies = (
				F0BAACCF1BAD06F9000F4F5A /* PBXTargetDependency */,
			);
			name = "Dare DevilUITests";
			productName = "Dare DevilUITests";
			productReference = F076003C1BAE62E70052BFBB /* Dare DevilUITests.xctest */;
			productType = "com.apple.product-type.bundle.ui-testing";
		};
/* End PBXNativeTarget section */

/* Begin PBXProject section */
		F0BAACA11BAD06F9000F4F5A /* Project object */ = {
			isa = PBXProject;
			attributes = {
				LastUpgradeCheck = 0700;
				ORGANIZATIONNAME = Molson;
				TargetAttributes = {
					F0BAACA81BAD06F9000F4F5A = {
						CreatedOnToolsVersion = 7.0;
						DevelopmentTeam = TH5V2K4K28;
						SystemCapabilities = {
							com.apple.BackgroundModes = {
								enabled = 0;
							};
							com.apple.InAppPurchase = {
								enabled = 0;
							};
							com.apple.Push = {
								enabled = 1;
							};
						};
					};
					F0BAACC11BAD06F9000F4F5A = {
						CreatedOnToolsVersion = 7.0;
						TestTargetID = F0BAACA81BAD06F9000F4F5A;
					};
					F0BAACCC1BAD06F9000F4F5A = {
						CreatedOnToolsVersion = 7.0;
						TestTargetID = F0BAACA81BAD06F9000F4F5A;
					};
				};
			};
			buildConfigurationList = F0BAACA41BAD06F9000F4F5A /* Build configuration list for PBXProject "Dare Devil" */;
			compatibilityVersion = "Xcode 3.2";
			developmentRegion = English;
			hasScannedForEncodings = 0;
			knownRegions = (
				en,
				Base,
			);
			mainGroup = F0BAACA01BAD06F9000F4F5A;
			productRefGroup = F0BAACA01BAD06F9000F4F5A;
			projectDirPath = "";
			projectRoot = "";
			targets = (
				F0BAACA81BAD06F9000F4F5A /* Dare Devil */,
				F0BAACC11BAD06F9000F4F5A /* Dare DevilTests */,
				F0BAACCC1BAD06F9000F4F5A /* Dare DevilUITests */,
			);
		};
/* End PBXProject section */

/* Begin PBXResourcesBuildPhase section */
		F0BAACA71BAD06F9000F4F5A /* Resources */ = {
			isa = PBXResourcesBuildPhase;
			buildActionMask = 2147483647;
			files = (
				F02B3FB91C75134800E647D8 /* ProfileBackground.png in Resources */,
				F015CA9D1C7C9814006D4B96 /* facebook.png in Resources */,
				F0BAACB91BAD06F9000F4F5A /* Assets.xcassets in Resources */,
				F0CA08A91C30E4350090F66E /* rightArrow.png in Resources */,
				F02B3FBB1C75351A00E647D8 /* PlayButton.png in Resources */,
				F0C129451C2F5BFA00955E9D /* placeholder.jpg in Resources */,
				F0C11A071C042F5600EEF2AC /* Default-568h@2x.png in Resources */,
				F0CA08A71C30DC9E0090F66E /* menuicon.png in Resources */,
				F0A19B671C7F715A00B9608B /* RedRight.png in Resources */,
				F015CA9F1C7C9C6D006D4B96 /* LoginBackground.jpg in Resources */,
			);
			runOnlyForDeploymentPostprocessing = 0;
		};
		F0BAACC01BAD06F9000F4F5A /* Resources */ = {
			isa = PBXResourcesBuildPhase;
			buildActionMask = 2147483647;
			files = (
			);
			runOnlyForDeploymentPostprocessing = 0;
		};
		F0BAACCB1BAD06F9000F4F5A /* Resources */ = {
			isa = PBXResourcesBuildPhase;
			buildActionMask = 2147483647;
			files = (
			);
			runOnlyForDeploymentPostprocessing = 0;
		};
/* End PBXResourcesBuildPhase section */

/* Begin PBXSourcesBuildPhase section */
		F0BAACA51BAD06F9000F4F5A /* Sources */ = {
			isa = PBXSourcesBuildPhase;
			buildActionMask = 2147483647;
			files = (
				F0BBFBF71C05056400F7686D /* SideViewController.m in Sources */,
				F00DD6E81C741E07009FB577 /* MOSingleSubmissionViewController.m in Sources */,
				F0FA415E1C2A005700AA0FCD /* MOSingleDareController.m in Sources */,
				F0BAACB11BAD06F9000F4F5A /* AppDelegate.m in Sources */,
				F076003F1BAE640A0052BFBB /* MOMainViewController.m in Sources */,
				F052AE8C1C24C07800CF7061 /* MODareRecipientViewController.m in Sources */,
				F0BAACAE1BAD06F9000F4F5A /* main.m in Sources */,
				F0674A6C1C46AA470016CC3F /* MODareTargetViewController.m in Sources */,
				F04C5CAE1C2F1702007AE863 /* MBProgressHUD.m in Sources */,
				F01470241BDEAFE000F4074D /* MOCompletedDaresViewController.m in Sources */,
				F0BBFBF01C04E9B600F7686D /* SWRevealViewController.m in Sources */,
				F07600421BAE6CEC0052BFBB /* MOPostViewController.m in Sources */,
				F084712E1C239A350068EEC5 /* MOActivityViewController.m in Sources */,
				F0BAAD0F1BAD16B6000F4F5A /* MOLoginViewController.m in Sources */,
			);
			runOnlyForDeploymentPostprocessing = 0;
		};
		F0BAACBE1BAD06F9000F4F5A /* Sources */ = {
			isa = PBXSourcesBuildPhase;
			buildActionMask = 2147483647;
			files = (
			);
			runOnlyForDeploymentPostprocessing = 0;
		};
		F0BAACC91BAD06F9000F4F5A /* Sources */ = {
			isa = PBXSourcesBuildPhase;
			buildActionMask = 2147483647;
			files = (
			);
			runOnlyForDeploymentPostprocessing = 0;
		};
/* End PBXSourcesBuildPhase section */

/* Begin PBXTargetDependency section */
		F0BAACC41BAD06F9000F4F5A /* PBXTargetDependency */ = {
			isa = PBXTargetDependency;
			target = F0BAACA81BAD06F9000F4F5A /* Dare Devil */;
			targetProxy = F0BAACC31BAD06F9000F4F5A /* PBXContainerItemProxy */;
		};
		F0BAACCF1BAD06F9000F4F5A /* PBXTargetDependency */ = {
			isa = PBXTargetDependency;
			target = F0BAACA81BAD06F9000F4F5A /* Dare Devil */;
			targetProxy = F0BAACCE1BAD06F9000F4F5A /* PBXContainerItemProxy */;
		};
/* End PBXTargetDependency section */

/* Begin XCBuildConfiguration section */
		F0BAACD41BAD06F9000F4F5A /* Debug */ = {
			isa = XCBuildConfiguration;
			buildSettings = {
				ALWAYS_SEARCH_USER_PATHS = NO;
				CLANG_CXX_LANGUAGE_STANDARD = "gnu++0x";
				CLANG_CXX_LIBRARY = "libc++";
				CLANG_ENABLE_MODULES = YES;
				CLANG_ENABLE_OBJC_ARC = YES;
				CLANG_WARN_BOOL_CONVERSION = YES;
				CLANG_WARN_CONSTANT_CONVERSION = YES;
				CLANG_WARN_DIRECT_OBJC_ISA_USAGE = YES_ERROR;
				CLANG_WARN_EMPTY_BODY = YES;
				CLANG_WARN_ENUM_CONVERSION = YES;
				CLANG_WARN_INT_CONVERSION = YES;
				CLANG_WARN_OBJC_ROOT_CLASS = YES_ERROR;
				CLANG_WARN_UNREACHABLE_CODE = YES;
				CLANG_WARN__DUPLICATE_METHOD_MATCH = YES;
				"CODE_SIGN_IDENTITY[sdk=iphoneos*]" = "iPhone Developer";
				COPY_PHASE_STRIP = NO;
				DEBUG_INFORMATION_FORMAT = dwarf;
				ENABLE_STRICT_OBJC_MSGSEND = YES;
				ENABLE_TESTABILITY = YES;
				GCC_C_LANGUAGE_STANDARD = gnu99;
				GCC_DYNAMIC_NO_PIC = NO;
				GCC_NO_COMMON_BLOCKS = YES;
				GCC_OPTIMIZATION_LEVEL = 0;
				GCC_PREPROCESSOR_DEFINITIONS = (
					"DEBUG=1",
					"$(inherited)",
				);
				GCC_WARN_64_TO_32_BIT_CONVERSION = YES;
				GCC_WARN_ABOUT_RETURN_TYPE = YES_ERROR;
				GCC_WARN_UNDECLARED_SELECTOR = YES;
				GCC_WARN_UNINITIALIZED_AUTOS = YES_AGGRESSIVE;
				GCC_WARN_UNUSED_FUNCTION = YES;
				GCC_WARN_UNUSED_VARIABLE = YES;
				IPHONEOS_DEPLOYMENT_TARGET = 9.0;
				MTL_ENABLE_DEBUG_INFO = YES;
				ONLY_ACTIVE_ARCH = YES;
				SDKROOT = iphoneos;
				TARGETED_DEVICE_FAMILY = "1,2";
			};
			name = Debug;
		};
		F0BAACD51BAD06F9000F4F5A /* Release */ = {
			isa = XCBuildConfiguration;
			buildSettings = {
				ALWAYS_SEARCH_USER_PATHS = NO;
				CLANG_CXX_LANGUAGE_STANDARD = "gnu++0x";
				CLANG_CXX_LIBRARY = "libc++";
				CLANG_ENABLE_MODULES = YES;
				CLANG_ENABLE_OBJC_ARC = YES;
				CLANG_WARN_BOOL_CONVERSION = YES;
				CLANG_WARN_CONSTANT_CONVERSION = YES;
				CLANG_WARN_DIRECT_OBJC_ISA_USAGE = YES_ERROR;
				CLANG_WARN_EMPTY_BODY = YES;
				CLANG_WARN_ENUM_CONVERSION = YES;
				CLANG_WARN_INT_CONVERSION = YES;
				CLANG_WARN_OBJC_ROOT_CLASS = YES_ERROR;
				CLANG_WARN_UNREACHABLE_CODE = YES;
				CLANG_WARN__DUPLICATE_METHOD_MATCH = YES;
				"CODE_SIGN_IDENTITY[sdk=iphoneos*]" = "iPhone Developer";
				COPY_PHASE_STRIP = NO;
				DEBUG_INFORMATION_FORMAT = "dwarf-with-dsym";
				ENABLE_NS_ASSERTIONS = NO;
				ENABLE_STRICT_OBJC_MSGSEND = YES;
				GCC_C_LANGUAGE_STANDARD = gnu99;
				GCC_NO_COMMON_BLOCKS = YES;
				GCC_WARN_64_TO_32_BIT_CONVERSION = YES;
				GCC_WARN_ABOUT_RETURN_TYPE = YES_ERROR;
				GCC_WARN_UNDECLARED_SELECTOR = YES;
				GCC_WARN_UNINITIALIZED_AUTOS = YES_AGGRESSIVE;
				GCC_WARN_UNUSED_FUNCTION = YES;
				GCC_WARN_UNUSED_VARIABLE = YES;
				IPHONEOS_DEPLOYMENT_TARGET = 9.0;
				MTL_ENABLE_DEBUG_INFO = NO;
				SDKROOT = iphoneos;
				TARGETED_DEVICE_FAMILY = "1,2";
				VALIDATE_PRODUCT = YES;
			};
			name = Release;
		};
		F0BAACD71BAD06F9000F4F5A /* Debug */ = {
			isa = XCBuildConfiguration;
			buildSettings = {
				ASSETCATALOG_COMPILER_APPICON_NAME = AppIcon;
				ASSETCATALOG_COMPILER_LAUNCHIMAGE_NAME = "Brand Assets";
				CODE_SIGN_IDENTITY = "iPhone Developer";
				"CODE_SIGN_IDENTITY[sdk=iphoneos*]" = "iPhone Developer";
				CONFIGURATION_BUILD_DIR = "$(BUILD_DIR)/$(CONFIGURATION)";
				CONFIGURATION_TEMP_DIR = "$(BUILD_DIR)/$(CONFIGURATION)";
				FRAMEWORK_SEARCH_PATHS = (
					"$(inherited)",
					"$(PROJECT_DIR)",
					"$(PROJECT_DIR)/Frameworks",
				);
				INFOPLIST_FILE = "Dare Devil/Info.plist";
				IPHONEOS_DEPLOYMENT_TARGET = 9.0;
				LD_RUNPATH_SEARCH_PATHS = "$(inherited) @executable_path/Frameworks";
				OTHER_LDFLAGS = "";
				PRODUCT_BUNDLE_IDENTIFIER = com.Molson.DareDevil;
				PRODUCT_NAME = "$(TARGET_NAME)";
				PROVISIONING_PROFILE = "";
			};
			name = Debug;
		};
		F0BAACD81BAD06F9000F4F5A /* Release */ = {
			isa = XCBuildConfiguration;
			buildSettings = {
				ASSETCATALOG_COMPILER_APPICON_NAME = AppIcon;
				ASSETCATALOG_COMPILER_LAUNCHIMAGE_NAME = "Brand Assets";
				CODE_SIGN_IDENTITY = "iPhone Developer";
				"CODE_SIGN_IDENTITY[sdk=iphoneos*]" = "iPhone Developer";
				CONFIGURATION_BUILD_DIR = "$(BUILD_DIR)/$(CONFIGURATION)";
				CONFIGURATION_TEMP_DIR = "$(BUILD_DIR)/$(CONFIGURATION)";
				FRAMEWORK_SEARCH_PATHS = (
					"$(inherited)",
					"$(PROJECT_DIR)",
					"$(PROJECT_DIR)/Frameworks",
				);
				INFOPLIST_FILE = "Dare Devil/Info.plist";
				IPHONEOS_DEPLOYMENT_TARGET = 9.0;
				LD_RUNPATH_SEARCH_PATHS = "$(inherited) @executable_path/Frameworks";
				OTHER_LDFLAGS = "";
				PRODUCT_BUNDLE_IDENTIFIER = com.Molson.DareDevil;
				PRODUCT_NAME = "$(TARGET_NAME)";
				PROVISIONING_PROFILE = "";
			};
			name = Release;
		};
		F0BAACDA1BAD06F9000F4F5A /* Debug */ = {
			isa = XCBuildConfiguration;
			buildSettings = {
				BUNDLE_LOADER = "$(TEST_HOST)";
				INFOPLIST_FILE = "Dare DevilTests/Info.plist";
				LD_RUNPATH_SEARCH_PATHS = "$(inherited) @executable_path/Frameworks @loader_path/Frameworks";
				PRODUCT_BUNDLE_IDENTIFIER = "Molson.Dare-DevilTests";
				PRODUCT_NAME = "$(TARGET_NAME)";
				TEST_HOST = "$(BUILT_PRODUCTS_DIR)/Dare Devil.app/Dare Devil";
			};
			name = Debug;
		};
		F0BAACDB1BAD06F9000F4F5A /* Release */ = {
			isa = XCBuildConfiguration;
			buildSettings = {
				BUNDLE_LOADER = "$(TEST_HOST)";
				INFOPLIST_FILE = "Dare DevilTests/Info.plist";
				LD_RUNPATH_SEARCH_PATHS = "$(inherited) @executable_path/Frameworks @loader_path/Frameworks";
				PRODUCT_BUNDLE_IDENTIFIER = "Molson.Dare-DevilTests";
				PRODUCT_NAME = "$(TARGET_NAME)";
				TEST_HOST = "$(BUILT_PRODUCTS_DIR)/Dare Devil.app/Dare Devil";
			};
			name = Release;
		};
		F0BAACDD1BAD06F9000F4F5A /* Debug */ = {
			isa = XCBuildConfiguration;
			buildSettings = {
				INFOPLIST_FILE = "Dare DevilUITests/Info.plist";
				LD_RUNPATH_SEARCH_PATHS = "$(inherited) @executable_path/Frameworks @loader_path/Frameworks";
				PRODUCT_BUNDLE_IDENTIFIER = "Molson.Dare-DevilUITests";
				PRODUCT_NAME = "$(TARGET_NAME)";
				TEST_TARGET_NAME = "Dare Devil";
				USES_XCTRUNNER = YES;
			};
			name = Debug;
		};
		F0BAACDE1BAD06F9000F4F5A /* Release */ = {
			isa = XCBuildConfiguration;
			buildSettings = {
				INFOPLIST_FILE = "Dare DevilUITests/Info.plist";
				LD_RUNPATH_SEARCH_PATHS = "$(inherited) @executable_path/Frameworks @loader_path/Frameworks";
				PRODUCT_BUNDLE_IDENTIFIER = "Molson.Dare-DevilUITests";
				PRODUCT_NAME = "$(TARGET_NAME)";
				TEST_TARGET_NAME = "Dare Devil";
				USES_XCTRUNNER = YES;
			};
			name = Release;
		};
/* End XCBuildConfiguration section */

/* Begin XCConfigurationList section */
		F0BAACA41BAD06F9000F4F5A /* Build configuration list for PBXProject "Dare Devil" */ = {
			isa = XCConfigurationList;
			buildConfigurations = (
				F0BAACD41BAD06F9000F4F5A /* Debug */,
				F0BAACD51BAD06F9000F4F5A /* Release */,
			);
			defaultConfigurationIsVisible = 0;
			defaultConfigurationName = Release;
		};
		F0BAACD61BAD06F9000F4F5A /* Build configuration list for PBXNativeTarget "Dare Devil" */ = {
			isa = XCConfigurationList;
			buildConfigurations = (
				F0BAACD71BAD06F9000F4F5A /* Debug */,
				F0BAACD81BAD06F9000F4F5A /* Release */,
			);
			defaultConfigurationIsVisible = 0;
			defaultConfigurationName = Release;
		};
		F0BAACD91BAD06F9000F4F5A /* Build configuration list for PBXNativeTarget "Dare DevilTests" */ = {
			isa = XCConfigurationList;
			buildConfigurations = (
				F0BAACDA1BAD06F9000F4F5A /* Debug */,
				F0BAACDB1BAD06F9000F4F5A /* Release */,
			);
			defaultConfigurationIsVisible = 0;
			defaultConfigurationName = Release;
		};
		F0BAACDC1BAD06F9000F4F5A /* Build configuration list for PBXNativeTarget "Dare DevilUITests" */ = {
			isa = XCConfigurationList;
			buildConfigurations = (
				F0BAACDD1BAD06F9000F4F5A /* Debug */,
				F0BAACDE1BAD06F9000F4F5A /* Release */,
			);
			defaultConfigurationIsVisible = 0;
			defaultConfigurationName = Release;
		};
/* End XCConfigurationList section */
	};
	rootObject = F0BAACA11BAD06F9000F4F5A /* Project object */;
}
